{
  "name": "server",
  "version": "1.0.0",
  "lockfileVersion": 1,
  "requires": true,
  "dependencies": {
    "tellojs": {
      "version": "0.1.99",
      "resolved": "https://registry.npmjs.org/tellojs/-/tellojs-0.1.99.tgz",
      "integrity": "sha512-j8AdSBngEBL7ssHcIlEamBH9rHe4vy6kvv5GPYU0/onmbbCp9lH1p2Pu+y1+IiAj0TGiVZom95JbCdkGg+PlSA=="
    }
  }
}
